
Microsoft Visual Studio Solution File, Format Version 12.00
# Visual Studio Version 17
VisualStudioVersion = 17.9.34714.143
MinimumVisualStudioVersion = 10.0.40219.1
Project("{FAE04EC0-301F-11D3-BF4B-00C04F79EFBC}") = "REST_API_APP", "REST_API_APP\REST_API_APP.csproj", "{EC471EB0-77E3-4BEF-9703-02951E8A0EA1}"
EndProject
Global
	GlobalSection(SolutionConfigurationPlatforms) = preSolution
		Debug|Any CPU = Debug|Any CPU
		Release|Any CPU = Release|Any CPU
	EndGlobalSection
	GlobalSection(ProjectConfigurationPlatforms) = postSolution
		{EC471EB0-77E3-4BEF-9703-02951E8A0EA1}.Debug|Any CPU.ActiveCfg = Debug|Any CPU
		{EC471EB0-77E3-4BEF-9703-02951E8A0EA1}.Debug|Any CPU.Build.0 = Debug|Any CPU
		{EC471EB0-77E3-4BEF-9703-02951E8A0EA1}.Release|Any CPU.ActiveCfg = Release|Any CPU
		{EC471EB0-77E3-4BEF-9703-02951E8A0EA1}.Release|Any CPU.Build.0 = Release|Any CPU
	EndGlobalSection
	GlobalSection(SolutionProperties) = preSolution
		HideSolutionNode = FALSE
	EndGlobalSection
	GlobalSection(ExtensibilityGlobals) = postSolution
		SolutionGuid = {FD572647-750D-4102-9D26-4255A1EB0252}
	EndGlobalSection
EndGlobal
